// !$*UTF8*$!
{
	archiveVersion = 1;
	classes = {
	};
	objectVersion = 48;
	objects = {

/* Begin PBXBuildFile section */
		DC909C851FBA07D900159350 /* AppDelegate.swift in Sources */ = {isa = PBXBuildFile; fileRef = DC909C841FBA07D900159350 /* AppDelegate.swift */; };
		DC909C871FBA07D900159350 /* ViewController.swift in Sources */ = {isa = PBXBuildFile; fileRef = DC909C861FBA07D900159350 /* ViewController.swift */; };
		DC909C8A1FBA07D900159350 /* Main.storyboard in Resources */ = {isa = PBXBuildFile; fileRef = DC909C881FBA07D900159350 /* Main.storyboard */; };
		DC909C8C1FBA07D900159350 /* Assets.xcassets in Resources */ = {isa = PBXBuildFile; fileRef = DC909C8B1FBA07D900159350 /* Assets.xcassets */; };
		DC909C8F1FBA07D900159350 /* LaunchScreen.storyboard in Resources */ = {isa = PBXBuildFile; fileRef = DC909C8D1FBA07D900159350 /* LaunchScreen.storyboard */; };
/* End PBXBuildFile section */

/* Begin PBXFileReference section */
		DC909C811FBA07D900159350 /* LP2_compoundInterestCalculator_JDiederich2.app */ = {isa = PBXFileReference; explicitFileType = wrapper.application; includeInIndex = 0; path = LP2_compoundInterestCalculator_JDiederich2.app; sourceTree = BUILT_PRODUCTS_DIR; };
		DC909C841FBA07D900159350 /* AppDelegate.swift */ = {isa = PBXFileReference; lastKnownFileType = sourcecode.swift; path = AppDelegate.swift; sourceTree = "<group>"; };
		DC909C861FBA07D900159350 /* ViewController.swift */ = {isa = PBXFileReference; lastKnownFileType = sourcecode.swift; path = ViewController.swift; sourceTree = "<group>"; };
		DC909C891FBA07D900159350 /* Base */ = {isa = PBXFileReference; lastKnownFileType = file.storyboard; name = Base; path = Base.lproj/Main.storyboard; sourceTree = "<group>"; };
		DC909C8B1FBA07D900159350 /* Assets.xcassets */ = {isa = PBXFileReference; lastKnownFileType = folder.assetcatalog; path = Assets.xcassets; sourceTree = "<group>"; };
		DC909C8E1FBA07D900159350 /* Base */ = {isa = PBXFileReference; lastKnownFileType = file.storyboard; name = Base; path = Base.lproj/LaunchScreen.storyboard; sourceTree = "<group>"; };
		DC909C901FBA07D900159350 /* Info.plist */ = {isa = PBXFileReference; lastKnownFileType = text.plist.xml; path = Info.plist; sourceTree = "<group>"; };
/* End PBXFileReference section */

/* Begin PBXFrameworksBuildPhase section */
		DC909C7E1FBA07D900159350 /* Frameworks */ = {
			isa = PBXFrameworksBuildPhase;
			buildActionMask = 2147483647;
			files = (
			);
			runOnlyForDeploymentPostprocessing = 0;
		};
/* End PBXFrameworksBuildPhase section */

/* Begin PBXGroup section */
		DC909C781FBA07D900159350 = {
			isa = PBXGroup;
			children = (
				DC909C831FBA07D900159350 /* LP2_compoundInterestCalculator_JDiederich2 */,
				DC909C821FBA07D900159350 /* Products */,
			);
			sourceTree = "<group>";
		};
		DC909C821FBA07D900159350 /* Products */ = {
			isa = PBXGroup;
			children = (
				DC909C811FBA07D900159350 /* LP2_compoundInterestCalculator_JDiederich2.app */,
			);
			name = Products;
			sourceTree = "<group>";
		};
		DC909C831FBA07D900159350 /* LP2_compoundInterestCalculator_JDiederich2 */ = {
			isa = PBXGroup;
			children = (
				DC909C841FBA07D900159350 /* AppDelegate.swift */,
				DC909C861FBA07D900159350 /* ViewController.swift */,
				DC909C881FBA07D900159350 /* Main.storyboard */,
				DC909C8B1FBA07D900159350 /* Assets.xcassets */,
				DC909C8D1FBA07D900159350 /* LaunchScreen.storyboard */,
				DC909C901FBA07D900159350 /* Info.plist */,
			);
			path = LP2_compoundInterestCalculator_JDiederich2;
			sourceTree = "<group>";
		};
/* End PBXGroup section */

/* Begin PBXNativeTarget section */
		DC909C801FBA07D900159350 /* LP2_compoundInterestCalculator_JDiederich2 */ = {
			isa = PBXNativeTarget;
			buildConfigurationList = DC909C931FBA07D900159350 /* Build configuration list for PBXNativeTarget "LP2_compoundInterestCalculator_JDiederich2" */;
			buildPhases = (
				DC909C7D1FBA07D900159350 /* Sources */,
				DC909C7E1FBA07D900159350 /* Frameworks */,
				DC909C7F1FBA07D900159350 /* Resources */,
			);
			buildRules = (
			);
			dependencies = (
			);
			name = LP2_compoundInterestCalculator_JDiederich2;
			productName = LP2_compoundInterestCalculator_JDiederich2;
			productReference = DC909C811FBA07D900159350 /* LP2_compoundInterestCalculator_JDiederich2.app */;
			productType = "com.apple.product-type.application";
		};
/* End PBXNativeTarget section */

/* Begin PBXProject section */
		DC909C791FBA07D900159350 /* Project object */ = {
			isa = PBXProject;
			attributes = {
				LastSwiftUpdateCheck = 0900;
				LastUpgradeCheck = 0900;
				ORGANIZATIONNAME = "assignment3 Jennifer Diederich";
				TargetAttributes = {
					DC909C801FBA07D900159350 = {
						CreatedOnToolsVersion = 9.0.1;
						ProvisioningStyle = Automatic;
					};
				};
			};
			buildConfigurationList = DC909C7C1FBA07D900159350 /* Build configuration list for PBXProject "LP2_compoundInterestCalculator_JDiederich2" */;
			compatibilityVersion = "Xcode 8.0";
			developmentRegion = en;
			hasScannedForEncodings = 0;
			knownRegions = (
				en,
				Base,
			);
			mainGroup = DC909C781FBA07D900159350;
			productRefGroup = DC909C821FBA07D900159350 /* Products */;
			projectDirPath = "";
			projectRoot = "";
			targets = (
				DC909C801FBA07D900159350 /* LP2_compoundInterestCalculator_JDiederich2 */,
			);
		};
/* End PBXProject section */

/* Begin PBXResourcesBuildPhase section */
		DC909C7F1FBA07D900159350 /* Resources */ = {
			isa = PBXResourcesBuildPhase;
			buildActionMask = 2147483647;
			files = (
				DC909C8F1FBA07D900159350 /* LaunchScreen.storyboard in Resources */,
				DC909C8C1FBA07D900159350 /* Assets.xcassets in Resources */,
				DC909C8A1FBA07D900159350 /* Main.storyboard in Resources */,
			);
			runOnlyForDeploymentPostprocessing = 0;
		};
/* End PBXResourcesBuildPhase section */

/* Begin PBXSourcesBuildPhase section */
		DC909C7D1FBA07D900159350 /* Sources */ = {
			isa = PBXSourcesBuildPhase;
			buildActionMask = 2147483647;
			files = (
				DC909C871FBA07D900159350 /* ViewController.swift in Sources */,
				DC909C851FBA07D900159350 /* AppDelegate.swift in Sources */,
			);
			runOnlyForDeploymentPostprocessing = 0;
		};
/* End PBXSourcesBuildPhase section */

/* Begin PBXVariantGroup section */
		DC909C881FBA07D900159350 /* Main.storyboard */ = {
			isa = PBXVariantGroup;
			children = (
				DC909C891FBA07D900159350 /* Base */,
			);
			name = Main.storyboard;
			sourceTree = "<group>";
		};
		DC909C8D1FBA07D900159350 /* LaunchScreen.storyboard */ = {
			isa = PBXVariantGroup;
			children = (
				DC909C8E1FBA07D900159350 /* Base */,
			);
			name = LaunchScreen.storyboard;
			sourceTree = "<group>";
		};
/* End PBXVariantGroup section */

/* Begin XCBuildConfiguration section */
		DC909C911FBA07D900159350 /* Debug */ = {
			isa = XCBuildConfiguration;
			buildSettings = {
				ALWAYS_SEARCH_USER_PATHS = NO;
				CLANG_ANALYZER_NONNULL = YES;
				CLANG_ANALYZER_NUMBER_OBJECT_CONVERSION = YES_AGGRESSIVE;
				CLANG_CXX_LANGUAGE_STANDARD = "gnu++14";
				CLANG_CXX_LIBRARY = "libc++";
				CLANG_ENABLE_MODULES = YES;
				CLANG_ENABLE_OBJC_ARC = YES;
				CLANG_WARN_BLOCK_CAPTURE_AUTORELEASING = YES;
				CLANG_WARN_BOOL_CONVERSION = YES;
				CLANG_WARN_COMMA = YES;
				CLANG_WARN_CONSTANT_CONVERSION = YES;
				CLANG_WARN_DIRECT_OBJC_ISA_USAGE = YES_ERROR;
				CLANG_WARN_DOCUMENTATION_COMMENTS = YES;
				CLANG_WARN_EMPTY_BODY = YES;
				CLANG_WARN_ENUM_CONVERSION = YES;
				CLANG_WARN_INFINITE_RECURSION = YES;
				CLANG_WARN_INT_CONVERSION = YES;
				CLANG_WARN_NON_LITERAL_NULL_CONVERSION = YES;
				CLANG_WARN_OBJC_LITERAL_CONVERSION = YES;
				CLANG_WARN_OBJC_ROOT_CLASS = YES_ERROR;
				CLANG_WARN_RANGE_LOOP_ANALYSIS = YES;
				CLANG_WARN_STRICT_PROTOTYPES = YES;
				CLANG_WARN_SUSPICIOUS_MOVE = YES;
				CLANG_WARN_UNGUARDED_AVAILABILITY = YES_AGGRESSIVE;
				CLANG_WARN_UNREACHABLE_CODE = YES;
				CLANG_WARN__DUPLICATE_METHOD_MATCH = YES;
				CODE_SIGN_IDENTITY = "iPhone Developer";
				COPY_PHASE_STRIP = NO;
				DEBUG_INFORMATION_FORMAT = dwarf;
				ENABLE_STRICT_OBJC_MSGSEND = YES;
				ENABLE_TESTABILITY = YES;
				GCC_C_LANGUAGE_STANDARD = gnu11;
				GCC_DYNAMIC_NO_PIC = NO;
				GCC_NO_COMMON_BLOCKS = YES;
				GCC_OPTIMIZATION_LEVEL = 0;
				GCC_PREPROCESSOR_DEFINITIONS = (
					"DEBUG=1",
					"$(inherited)",
				);
				GCC_WARN_64_TO_32_BIT_CONVERSION = YES;
				GCC_WARN_ABOUT_RETURN_TYPE = YES_ERROR;
				GCC_WARN_UNDECLARED_SELECTOR = YES;
				GCC_WARN_UNINITIALIZED_AUTOS = YES_AGGRESSIVE;
				GCC_WARN_UNUSED_FUNCTION = YES;
				GCC_WARN_UNUSED_VARIABLE = YES;
				IPHONEOS_DEPLOYMENT_TARGET = 11.0;
				MTL_ENABLE_DEBUG_INFO = YES;
				ONLY_ACTIVE_ARCH = YES;
				SDKROOT = iphoneos;
				SWIFT_ACTIVE_COMPILATION_CONDITIONS = DEBUG;
				SWIFT_OPTIMIZATION_LEVEL = "-Onone";
			};
			name = Debug;
		};
		DC909C921FBA07D900159350 /* Release */ = {
			isa = XCBuildConfiguration;
			buildSettings = {
				ALWAYS_SEARCH_USER_PATHS = NO;
				CLANG_ANALYZER_NONNULL = YES;
				CLANG_ANALYZER_NUMBER_OBJECT_CONVERSION = YES_AGGRESSIVE;
				CLANG_CXX_LANGUAGE_STANDARD = "gnu++14";
				CLANG_CXX_LIBRARY = "libc++";
				CLANG_ENABLE_MODULES = YES;
				CLANG_ENABLE_OBJC_ARC = YES;
				CLANG_WARN_BLOCK_CAPTURE_AUTORELEASING = YES;
				CLANG_WARN_BOOL_CONVERSION = YES;
				CLANG_WARN_COMMA = YES;
				CLANG_WARN_CONSTANT_CONVERSION = YES;
				CLANG_WARN_DIRECT_OBJC_ISA_USAGE = YES_ERROR;
				CLANG_WARN_DOCUMENTATION_COMMENTS = YES;
				CLANG_WARN_EMPTY_BODY = YES;
				CLANG_WARN_ENUM_CONVERSION = YES;
				CLANG_WARN_INFINITE_RECURSION = YES;
				CLANG_WARN_INT_CONVERSION = YES;
				CLANG_WARN_NON_LITERAL_NULL_CONVERSION = YES;
				CLANG_WARN_OBJC_LITERAL_CONVERSION = YES;
				CLANG_WARN_OBJC_ROOT_CLASS = YES_ERROR;
				CLANG_WARN_RANGE_LOOP_ANALYSIS = YES;
				CLANG_WARN_STRICT_PROTOTYPES = YES;
				CLANG_WARN_SUSPICIOUS_MOVE = YES;
				CLANG_WARN_UNGUARDED_AVAILABILITY = YES_AGGRESSIVE;
				CLANG_WARN_UNREACHABLE_CODE = YES;
				CLANG_WARN__DUPLICATE_METHOD_MATCH = YES;
				CODE_SIGN_IDENTITY = "iPhone Developer";
				COPY_PHASE_STRIP = NO;
				DEBUG_INFORMATION_FORMAT = "dwarf-with-dsym";
				ENABLE_NS_ASSERTIONS = NO;
				ENABLE_STRICT_OBJC_MSGSEND = YES;
				GCC_C_LANGUAGE_STANDARD = gnu11;
				GCC_NO_COMMON_BLOCKS = YES;
				GCC_WARN_64_TO_32_BIT_CONVERSION = YES;
				GCC_WARN_ABOUT_RETURN_TYPE = YES_ERROR;
				GCC_WARN_UNDECLARED_SELECTOR = YES;
				GCC_WARN_UNINITIALIZED_AUTOS = YES_AGGRESSIVE;
				GCC_WARN_UNUSED_FUNCTION = YES;
				GCC_WARN_UNUSED_VARIABLE = YES;
				IPHONEOS_DEPLOYMENT_TARGET = 11.0;
				MTL_ENABLE_DEBUG_INFO = NO;
				SDKROOT = iphoneos;
				SWIFT_OPTIMIZATION_LEVEL = "-Owholemodule";
				VALIDATE_PRODUCT = YES;
			};
			name = Release;
		};
		DC909C941FBA07D900159350 /* Debug */ = {
			isa = XCBuildConfiguration;
			buildSettings = {
				ASSETCATALOG_COMPILER_APPICON_NAME = AppIcon;
				CODE_SIGN_STYLE = Automatic;
				INFOPLIST_FILE = LP2_compoundInterestCalculator_JDiederich2/Info.plist;
				LD_RUNPATH_SEARCH_PATHS = "$(inherited) @executable_path/Frameworks";
				PRODUCT_BUNDLE_IDENTIFIER = "edu.cvtc.Swift-Jennifer.LP2-compoundInterestCalculator-JDiederich2";
				PRODUCT_NAME = "$(TARGET_NAME)";
				SWIFT_VERSION = 4.0;
				TARGETED_DEVICE_FAMILY = "1,2";
			};
			name = Debug;
		};
		DC909C951FBA07D900159350 /* Release */ = {
			isa = XCBuildConfiguration;
			buildSettings = {
				ASSETCATALOG_COMPILER_APPICON_NAME = AppIcon;
				CODE_SIGN_STYLE = Automatic;
				INFOPLIST_FILE = LP2_compoundInterestCalculator_JDiederich2/Info.plist;
				LD_RUNPATH_SEARCH_PATHS = "$(inherited) @executable_path/Frameworks";
				PRODUCT_BUNDLE_IDENTIFIER = "edu.cvtc.Swift-Jennifer.LP2-compoundInterestCalculator-JDiederich2";
				PRODUCT_NAME = "$(TARGET_NAME)";
				SWIFT_VERSION = 4.0;
				TARGETED_DEVICE_FAMILY = "1,2";
			};
			name = Release;
		};
/* End XCBuildConfiguration section */

/* Begin XCConfigurationList section */
		DC909C7C1FBA07D900159350 /* Build configuration list for PBXProject "LP2_compoundInterestCalculator_JDiederich2" */ = {
			isa = XCConfigurationList;
			buildConfigurations = (
				DC909C911FBA07D900159350 /* Debug */,
				DC909C921FBA07D900159350 /* Release */,
			);
			defaultConfigurationIsVisible = 0;
			defaultConfigurationName = Release;
		};
		DC909C931FBA07D900159350 /* Build configuration list for PBXNativeTarget "LP2_compoundInterestCalculator_JDiederich2" */ = {
			isa = XCConfigurationList;
			buildConfigurations = (
				DC909C941FBA07D900159350 /* Debug */,
				DC909C951FBA07D900159350 /* Release */,
			);
			defaultConfigurationIsVisible = 0;
			defaultConfigurationName = Release;
		};
/* End XCConfigurationList section */
	};
	rootObject = DC909C791FBA07D900159350 /* Project object */;
}
