// !$*UTF8*$!
{
	archiveVersion = 1;
	classes = {
	};
	objectVersion = 48;
	objects = {

/* Begin PBXBuildFile section */
		DC4910DD1FB35D7800AF1785 /* AppDelegate.swift in Sources */ = {isa = PBXBuildFile; fileRef = DC4910DC1FB35D7800AF1785 /* AppDelegate.swift */; };
		DC4910DF1FB35D7800AF1785 /* ViewController.swift in Sources */ = {isa = PBXBuildFile; fileRef = DC4910DE1FB35D7800AF1785 /* ViewController.swift */; };
		DC4910E21FB35D7800AF1785 /* Main.storyboard in Resources */ = {isa = PBXBuildFile; fileRef = DC4910E01FB35D7800AF1785 /* Main.storyboard */; };
		DC4910E41FB35D7800AF1785 /* Assets.xcassets in Resources */ = {isa = PBXBuildFile; fileRef = DC4910E31FB35D7800AF1785 /* Assets.xcassets */; };
		DC4910E71FB35D7800AF1785 /* LaunchScreen.storyboard in Resources */ = {isa = PBXBuildFile; fileRef = DC4910E51FB35D7800AF1785 /* LaunchScreen.storyboard */; };
		DC4910F21FB35EF600AF1785 /* HallOfTheMountainKing.mp3 in Resources */ = {isa = PBXBuildFile; fileRef = DC4910EF1FB35EF600AF1785 /* HallOfTheMountainKing.mp3 */; };
		DC4910F31FB35EF600AF1785 /* SecondBeep.wav in Resources */ = {isa = PBXBuildFile; fileRef = DC4910F01FB35EF600AF1785 /* SecondBeep.wav */; };
		DC4910F41FB35EF600AF1785 /* ButtonTap.wav in Resources */ = {isa = PBXBuildFile; fileRef = DC4910F11FB35EF600AF1785 /* ButtonTap.wav */; };
/* End PBXBuildFile section */

/* Begin PBXFileReference section */
		DC4910D91FB35D7800AF1785 /* TapMe.app */ = {isa = PBXFileReference; explicitFileType = wrapper.application; includeInIndex = 0; path = TapMe.app; sourceTree = BUILT_PRODUCTS_DIR; };
		DC4910DC1FB35D7800AF1785 /* AppDelegate.swift */ = {isa = PBXFileReference; lastKnownFileType = sourcecode.swift; path = AppDelegate.swift; sourceTree = "<group>"; };
		DC4910DE1FB35D7800AF1785 /* ViewController.swift */ = {isa = PBXFileReference; lastKnownFileType = sourcecode.swift; path = ViewController.swift; sourceTree = "<group>"; };
		DC4910E11FB35D7800AF1785 /* Base */ = {isa = PBXFileReference; lastKnownFileType = file.storyboard; name = Base; path = Base.lproj/Main.storyboard; sourceTree = "<group>"; };
		DC4910E31FB35D7800AF1785 /* Assets.xcassets */ = {isa = PBXFileReference; lastKnownFileType = folder.assetcatalog; path = Assets.xcassets; sourceTree = "<group>"; };
		DC4910E61FB35D7800AF1785 /* Base */ = {isa = PBXFileReference; lastKnownFileType = file.storyboard; name = Base; path = Base.lproj/LaunchScreen.storyboard; sourceTree = "<group>"; };
		DC4910E81FB35D7800AF1785 /* Info.plist */ = {isa = PBXFileReference; lastKnownFileType = text.plist.xml; path = Info.plist; sourceTree = "<group>"; };
		DC4910EF1FB35EF600AF1785 /* HallOfTheMountainKing.mp3 */ = {isa = PBXFileReference; lastKnownFileType = audio.mp3; path = HallOfTheMountainKing.mp3; sourceTree = "<group>"; };
		DC4910F01FB35EF600AF1785 /* SecondBeep.wav */ = {isa = PBXFileReference; lastKnownFileType = audio.wav; path = SecondBeep.wav; sourceTree = "<group>"; };
		DC4910F11FB35EF600AF1785 /* ButtonTap.wav */ = {isa = PBXFileReference; lastKnownFileType = audio.wav; path = ButtonTap.wav; sourceTree = "<group>"; };
/* End PBXFileReference section */

/* Begin PBXFrameworksBuildPhase section */
		DC4910D61FB35D7800AF1785 /* Frameworks */ = {
			isa = PBXFrameworksBuildPhase;
			buildActionMask = 2147483647;
			files = (
			);
			runOnlyForDeploymentPostprocessing = 0;
		};
/* End PBXFrameworksBuildPhase section */

/* Begin PBXGroup section */
		DC4910D01FB35D7800AF1785 = {
			isa = PBXGroup;
			children = (
				DC4910DB1FB35D7800AF1785 /* TapMe */,
				DC4910DA1FB35D7800AF1785 /* Products */,
			);
			sourceTree = "<group>";
		};
		DC4910DA1FB35D7800AF1785 /* Products */ = {
			isa = PBXGroup;
			children = (
				DC4910D91FB35D7800AF1785 /* TapMe.app */,
			);
			name = Products;
			sourceTree = "<group>";
		};
		DC4910DB1FB35D7800AF1785 /* TapMe */ = {
			isa = PBXGroup;
			children = (
				DC4910EE1FB35EB200AF1785 /* Assets */,
				DC4910DC1FB35D7800AF1785 /* AppDelegate.swift */,
				DC4910DE1FB35D7800AF1785 /* ViewController.swift */,
				DC4910E01FB35D7800AF1785 /* Main.storyboard */,
				DC4910E31FB35D7800AF1785 /* Assets.xcassets */,
				DC4910E51FB35D7800AF1785 /* LaunchScreen.storyboard */,
				DC4910E81FB35D7800AF1785 /* Info.plist */,
			);
			path = TapMe;
			sourceTree = "<group>";
		};
		DC4910EE1FB35EB200AF1785 /* Assets */ = {
			isa = PBXGroup;
			children = (
				DC4910F11FB35EF600AF1785 /* ButtonTap.wav */,
				DC4910EF1FB35EF600AF1785 /* HallOfTheMountainKing.mp3 */,
				DC4910F01FB35EF600AF1785 /* SecondBeep.wav */,
			);
			path = Assets;
			sourceTree = "<group>";
		};
/* End PBXGroup section */

/* Begin PBXNativeTarget section */
		DC4910D81FB35D7800AF1785 /* TapMe */ = {
			isa = PBXNativeTarget;
			buildConfigurationList = DC4910EB1FB35D7800AF1785 /* Build configuration list for PBXNativeTarget "TapMe" */;
			buildPhases = (
				DC4910D51FB35D7800AF1785 /* Sources */,
				DC4910D61FB35D7800AF1785 /* Frameworks */,
				DC4910D71FB35D7800AF1785 /* Resources */,
			);
			buildRules = (
			);
			dependencies = (
			);
			name = TapMe;
			productName = TapMe;
			productReference = DC4910D91FB35D7800AF1785 /* TapMe.app */;
			productType = "com.apple.product-type.application";
		};
/* End PBXNativeTarget section */

/* Begin PBXProject section */
		DC4910D11FB35D7800AF1785 /* Project object */ = {
			isa = PBXProject;
			attributes = {
				LastSwiftUpdateCheck = 0900;
				LastUpgradeCheck = 0900;
				ORGANIZATIONNAME = "Jennifer Diederich";
				TargetAttributes = {
					DC4910D81FB35D7800AF1785 = {
						CreatedOnToolsVersion = 9.0.1;
						ProvisioningStyle = Automatic;
					};
				};
			};
			buildConfigurationList = DC4910D41FB35D7800AF1785 /* Build configuration list for PBXProject "TapMe" */;
			compatibilityVersion = "Xcode 8.0";
			developmentRegion = en;
			hasScannedForEncodings = 0;
			knownRegions = (
				en,
				Base,
			);
			mainGroup = DC4910D01FB35D7800AF1785;
			productRefGroup = DC4910DA1FB35D7800AF1785 /* Products */;
			projectDirPath = "";
			projectRoot = "";
			targets = (
				DC4910D81FB35D7800AF1785 /* TapMe */,
			);
		};
/* End PBXProject section */

/* Begin PBXResourcesBuildPhase section */
		DC4910D71FB35D7800AF1785 /* Resources */ = {
			isa = PBXResourcesBuildPhase;
			buildActionMask = 2147483647;
			files = (
				DC4910F41FB35EF600AF1785 /* ButtonTap.wav in Resources */,
				DC4910E71FB35D7800AF1785 /* LaunchScreen.storyboard in Resources */,
				DC4910F31FB35EF600AF1785 /* SecondBeep.wav in Resources */,
				DC4910E41FB35D7800AF1785 /* Assets.xcassets in Resources */,
				DC4910F21FB35EF600AF1785 /* HallOfTheMountainKing.mp3 in Resources */,
				DC4910E21FB35D7800AF1785 /* Main.storyboard in Resources */,
			);
			runOnlyForDeploymentPostprocessing = 0;
		};
/* End PBXResourcesBuildPhase section */

/* Begin PBXSourcesBuildPhase section */
		DC4910D51FB35D7800AF1785 /* Sources */ = {
			isa = PBXSourcesBuildPhase;
			buildActionMask = 2147483647;
			files = (
				DC4910DF1FB35D7800AF1785 /* ViewController.swift in Sources */,
				DC4910DD1FB35D7800AF1785 /* AppDelegate.swift in Sources */,
			);
			runOnlyForDeploymentPostprocessing = 0;
		};
/* End PBXSourcesBuildPhase section */

/* Begin PBXVariantGroup section */
		DC4910E01FB35D7800AF1785 /* Main.storyboard */ = {
			isa = PBXVariantGroup;
			children = (
				DC4910E11FB35D7800AF1785 /* Base */,
			);
			name = Main.storyboard;
			sourceTree = "<group>";
		};
		DC4910E51FB35D7800AF1785 /* LaunchScreen.storyboard */ = {
			isa = PBXVariantGroup;
			children = (
				DC4910E61FB35D7800AF1785 /* Base */,
			);
			name = LaunchScreen.storyboard;
			sourceTree = "<group>";
		};
/* End PBXVariantGroup section */

/* Begin XCBuildConfiguration section */
		DC4910E91FB35D7800AF1785 /* Debug */ = {
			isa = XCBuildConfiguration;
			buildSettings = {
				ALWAYS_SEARCH_USER_PATHS = NO;
				CLANG_ANALYZER_NONNULL = YES;
				CLANG_ANALYZER_NUMBER_OBJECT_CONVERSION = YES_AGGRESSIVE;
				CLANG_CXX_LANGUAGE_STANDARD = "gnu++14";
				CLANG_CXX_LIBRARY = "libc++";
				CLANG_ENABLE_MODULES = YES;
				CLANG_ENABLE_OBJC_ARC = YES;
				CLANG_WARN_BLOCK_CAPTURE_AUTORELEASING = YES;
				CLANG_WARN_BOOL_CONVERSION = YES;
				CLANG_WARN_COMMA = YES;
				CLANG_WARN_CONSTANT_CONVERSION = YES;
				CLANG_WARN_DIRECT_OBJC_ISA_USAGE = YES_ERROR;
				CLANG_WARN_DOCUMENTATION_COMMENTS = YES;
				CLANG_WARN_EMPTY_BODY = YES;
				CLANG_WARN_ENUM_CONVERSION = YES;
				CLANG_WARN_INFINITE_RECURSION = YES;
				CLANG_WARN_INT_CONVERSION = YES;
				CLANG_WARN_NON_LITERAL_NULL_CONVERSION = YES;
				CLANG_WARN_OBJC_LITERAL_CONVERSION = YES;
				CLANG_WARN_OBJC_ROOT_CLASS = YES_ERROR;
				CLANG_WARN_RANGE_LOOP_ANALYSIS = YES;
				CLANG_WARN_STRICT_PROTOTYPES = YES;
				CLANG_WARN_SUSPICIOUS_MOVE = YES;
				CLANG_WARN_UNGUARDED_AVAILABILITY = YES_AGGRESSIVE;
				CLANG_WARN_UNREACHABLE_CODE = YES;
				CLANG_WARN__DUPLICATE_METHOD_MATCH = YES;
				CODE_SIGN_IDENTITY = "iPhone Developer";
				COPY_PHASE_STRIP = NO;
				DEBUG_INFORMATION_FORMAT = dwarf;
				ENABLE_STRICT_OBJC_MSGSEND = YES;
				ENABLE_TESTABILITY = YES;
				GCC_C_LANGUAGE_STANDARD = gnu11;
				GCC_DYNAMIC_NO_PIC = NO;
				GCC_NO_COMMON_BLOCKS = YES;
				GCC_OPTIMIZATION_LEVEL = 0;
				GCC_PREPROCESSOR_DEFINITIONS = (
					"DEBUG=1",
					"$(inherited)",
				);
				GCC_WARN_64_TO_32_BIT_CONVERSION = YES;
				GCC_WARN_ABOUT_RETURN_TYPE = YES_ERROR;
				GCC_WARN_UNDECLARED_SELECTOR = YES;
				GCC_WARN_UNINITIALIZED_AUTOS = YES_AGGRESSIVE;
				GCC_WARN_UNUSED_FUNCTION = YES;
				GCC_WARN_UNUSED_VARIABLE = YES;
				IPHONEOS_DEPLOYMENT_TARGET = 11.0;
				MTL_ENABLE_DEBUG_INFO = YES;
				ONLY_ACTIVE_ARCH = YES;
				SDKROOT = iphoneos;
				SWIFT_ACTIVE_COMPILATION_CONDITIONS = DEBUG;
				SWIFT_OPTIMIZATION_LEVEL = "-Onone";
			};
			name = Debug;
		};
		DC4910EA1FB35D7800AF1785 /* Release */ = {
			isa = XCBuildConfiguration;
			buildSettings = {
				ALWAYS_SEARCH_USER_PATHS = NO;
				CLANG_ANALYZER_NONNULL = YES;
				CLANG_ANALYZER_NUMBER_OBJECT_CONVERSION = YES_AGGRESSIVE;
				CLANG_CXX_LANGUAGE_STANDARD = "gnu++14";
				CLANG_CXX_LIBRARY = "libc++";
				CLANG_ENABLE_MODULES = YES;
				CLANG_ENABLE_OBJC_ARC = YES;
				CLANG_WARN_BLOCK_CAPTURE_AUTORELEASING = YES;
				CLANG_WARN_BOOL_CONVERSION = YES;
				CLANG_WARN_COMMA = YES;
				CLANG_WARN_CONSTANT_CONVERSION = YES;
				CLANG_WARN_DIRECT_OBJC_ISA_USAGE = YES_ERROR;
				CLANG_WARN_DOCUMENTATION_COMMENTS = YES;
				CLANG_WARN_EMPTY_BODY = YES;
				CLANG_WARN_ENUM_CONVERSION = YES;
				CLANG_WARN_INFINITE_RECURSION = YES;
				CLANG_WARN_INT_CONVERSION = YES;
				CLANG_WARN_NON_LITERAL_NULL_CONVERSION = YES;
				CLANG_WARN_OBJC_LITERAL_CONVERSION = YES;
				CLANG_WARN_OBJC_ROOT_CLASS = YES_ERROR;
				CLANG_WARN_RANGE_LOOP_ANALYSIS = YES;
				CLANG_WARN_STRICT_PROTOTYPES = YES;
				CLANG_WARN_SUSPICIOUS_MOVE = YES;
				CLANG_WARN_UNGUARDED_AVAILABILITY = YES_AGGRESSIVE;
				CLANG_WARN_UNREACHABLE_CODE = YES;
				CLANG_WARN__DUPLICATE_METHOD_MATCH = YES;
				CODE_SIGN_IDENTITY = "iPhone Developer";
				COPY_PHASE_STRIP = NO;
				DEBUG_INFORMATION_FORMAT = "dwarf-with-dsym";
				ENABLE_NS_ASSERTIONS = NO;
				ENABLE_STRICT_OBJC_MSGSEND = YES;
				GCC_C_LANGUAGE_STANDARD = gnu11;
				GCC_NO_COMMON_BLOCKS = YES;
				GCC_WARN_64_TO_32_BIT_CONVERSION = YES;
				GCC_WARN_ABOUT_RETURN_TYPE = YES_ERROR;
				GCC_WARN_UNDECLARED_SELECTOR = YES;
				GCC_WARN_UNINITIALIZED_AUTOS = YES_AGGRESSIVE;
				GCC_WARN_UNUSED_FUNCTION = YES;
				GCC_WARN_UNUSED_VARIABLE = YES;
				IPHONEOS_DEPLOYMENT_TARGET = 11.0;
				MTL_ENABLE_DEBUG_INFO = NO;
				SDKROOT = iphoneos;
				SWIFT_OPTIMIZATION_LEVEL = "-Owholemodule";
				VALIDATE_PRODUCT = YES;
			};
			name = Release;
		};
		DC4910EC1FB35D7800AF1785 /* Debug */ = {
			isa = XCBuildConfiguration;
			buildSettings = {
				ASSETCATALOG_COMPILER_APPICON_NAME = AppIcon;
				CODE_SIGN_STYLE = Automatic;
				INFOPLIST_FILE = TapMe/Info.plist;
				LD_RUNPATH_SEARCH_PATHS = "$(inherited) @executable_path/Frameworks";
				PRODUCT_BUNDLE_IDENTIFIER = cvtc.edu.TapMe;
				PRODUCT_NAME = "$(TARGET_NAME)";
				SWIFT_VERSION = 4.0;
				TARGETED_DEVICE_FAMILY = "1,2";
			};
			name = Debug;
		};
		DC4910ED1FB35D7800AF1785 /* Release */ = {
			isa = XCBuildConfiguration;
			buildSettings = {
				ASSETCATALOG_COMPILER_APPICON_NAME = AppIcon;
				CODE_SIGN_STYLE = Automatic;
				INFOPLIST_FILE = TapMe/Info.plist;
				LD_RUNPATH_SEARCH_PATHS = "$(inherited) @executable_path/Frameworks";
				PRODUCT_BUNDLE_IDENTIFIER = cvtc.edu.TapMe;
				PRODUCT_NAME = "$(TARGET_NAME)";
				SWIFT_VERSION = 4.0;
				TARGETED_DEVICE_FAMILY = "1,2";
			};
			name = Release;
		};
/* End XCBuildConfiguration section */

/* Begin XCConfigurationList section */
		DC4910D41FB35D7800AF1785 /* Build configuration list for PBXProject "TapMe" */ = {
			isa = XCConfigurationList;
			buildConfigurations = (
				DC4910E91FB35D7800AF1785 /* Debug */,
				DC4910EA1FB35D7800AF1785 /* Release */,
			);
			defaultConfigurationIsVisible = 0;
			defaultConfigurationName = Release;
		};
		DC4910EB1FB35D7800AF1785 /* Build configuration list for PBXNativeTarget "TapMe" */ = {
			isa = XCConfigurationList;
			buildConfigurations = (
				DC4910EC1FB35D7800AF1785 /* Debug */,
				DC4910ED1FB35D7800AF1785 /* Release */,
			);
			defaultConfigurationIsVisible = 0;
			defaultConfigurationName = Release;
		};
/* End XCConfigurationList section */
	};
	rootObject = DC4910D11FB35D7800AF1785 /* Project object */;
}
