// !$*UTF8*$!
{
	archiveVersion = 1;
	classes = {
	};
	objectVersion = 48;
	objects = {

/* Begin PBXBuildFile section */
		DC056B071FA0F4EE00D34B30 /* AppDelegate.swift in Sources */ = {isa = PBXBuildFile; fileRef = DC056B061FA0F4EE00D34B30 /* AppDelegate.swift */; };
		DC056B091FA0F4EE00D34B30 /* ViewController.swift in Sources */ = {isa = PBXBuildFile; fileRef = DC056B081FA0F4EE00D34B30 /* ViewController.swift */; };
		DC056B0C1FA0F4EE00D34B30 /* Main.storyboard in Resources */ = {isa = PBXBuildFile; fileRef = DC056B0A1FA0F4EE00D34B30 /* Main.storyboard */; };
		DC056B0E1FA0F4EE00D34B30 /* Assets.xcassets in Resources */ = {isa = PBXBuildFile; fileRef = DC056B0D1FA0F4EE00D34B30 /* Assets.xcassets */; };
		DC056B111FA0F4EE00D34B30 /* LaunchScreen.storyboard in Resources */ = {isa = PBXBuildFile; fileRef = DC056B0F1FA0F4EE00D34B30 /* LaunchScreen.storyboard */; };
		DC0AABDC1FA76FF500696F0A /* roster.txt in Resources */ = {isa = PBXBuildFile; fileRef = DC0AABDB1FA76FF500696F0A /* roster.txt */; };
/* End PBXBuildFile section */

/* Begin PBXFileReference section */
		DC056B031FA0F4EE00D34B30 /* GroupSorter.app */ = {isa = PBXFileReference; explicitFileType = wrapper.application; includeInIndex = 0; path = GroupSorter.app; sourceTree = BUILT_PRODUCTS_DIR; };
		DC056B061FA0F4EE00D34B30 /* AppDelegate.swift */ = {isa = PBXFileReference; lastKnownFileType = sourcecode.swift; path = AppDelegate.swift; sourceTree = "<group>"; };
		DC056B081FA0F4EE00D34B30 /* ViewController.swift */ = {isa = PBXFileReference; indentWidth = 2; lastKnownFileType = sourcecode.swift; path = ViewController.swift; sourceTree = "<group>"; };
		DC056B0B1FA0F4EE00D34B30 /* Base */ = {isa = PBXFileReference; lastKnownFileType = file.storyboard; name = Base; path = Base.lproj/Main.storyboard; sourceTree = "<group>"; };
		DC056B0D1FA0F4EE00D34B30 /* Assets.xcassets */ = {isa = PBXFileReference; lastKnownFileType = folder.assetcatalog; path = Assets.xcassets; sourceTree = "<group>"; };
		DC056B101FA0F4EE00D34B30 /* Base */ = {isa = PBXFileReference; lastKnownFileType = file.storyboard; name = Base; path = Base.lproj/LaunchScreen.storyboard; sourceTree = "<group>"; };
		DC056B121FA0F4EE00D34B30 /* Info.plist */ = {isa = PBXFileReference; lastKnownFileType = text.plist.xml; path = Info.plist; sourceTree = "<group>"; };
		DC0AABDB1FA76FF500696F0A /* roster.txt */ = {isa = PBXFileReference; fileEncoding = 4; lastKnownFileType = text; path = roster.txt; sourceTree = "<group>"; };
/* End PBXFileReference section */

/* Begin PBXFrameworksBuildPhase section */
		DC056B001FA0F4EE00D34B30 /* Frameworks */ = {
			isa = PBXFrameworksBuildPhase;
			buildActionMask = 2147483647;
			files = (
			);
			runOnlyForDeploymentPostprocessing = 0;
		};
/* End PBXFrameworksBuildPhase section */

/* Begin PBXGroup section */
		DC056AFA1FA0F4EE00D34B30 = {
			isa = PBXGroup;
			children = (
				DC056B051FA0F4EE00D34B30 /* GroupSorter */,
				DC056B041FA0F4EE00D34B30 /* Products */,
			);
			indentWidth = 2;
			sourceTree = "<group>";
			tabWidth = 2;
			usesTabs = 1;
		};
		DC056B041FA0F4EE00D34B30 /* Products */ = {
			isa = PBXGroup;
			children = (
				DC056B031FA0F4EE00D34B30 /* GroupSorter.app */,
			);
			name = Products;
			sourceTree = "<group>";
		};
		DC056B051FA0F4EE00D34B30 /* GroupSorter */ = {
			isa = PBXGroup;
			children = (
				DC056B061FA0F4EE00D34B30 /* AppDelegate.swift */,
				DC056B081FA0F4EE00D34B30 /* ViewController.swift */,
				DC0AABDB1FA76FF500696F0A /* roster.txt */,
				DC056B0A1FA0F4EE00D34B30 /* Main.storyboard */,
				DC056B0D1FA0F4EE00D34B30 /* Assets.xcassets */,
				DC056B0F1FA0F4EE00D34B30 /* LaunchScreen.storyboard */,
				DC056B121FA0F4EE00D34B30 /* Info.plist */,
			);
			path = GroupSorter;
			sourceTree = "<group>";
		};
/* End PBXGroup section */

/* Begin PBXNativeTarget section */
		DC056B021FA0F4EE00D34B30 /* GroupSorter */ = {
			isa = PBXNativeTarget;
			buildConfigurationList = DC056B151FA0F4EE00D34B30 /* Build configuration list for PBXNativeTarget "GroupSorter" */;
			buildPhases = (
				DC056AFF1FA0F4EE00D34B30 /* Sources */,
				DC056B001FA0F4EE00D34B30 /* Frameworks */,
				DC056B011FA0F4EE00D34B30 /* Resources */,
			);
			buildRules = (
			);
			dependencies = (
			);
			name = GroupSorter;
			productName = GroupSorter;
			productReference = DC056B031FA0F4EE00D34B30 /* GroupSorter.app */;
			productType = "com.apple.product-type.application";
		};
/* End PBXNativeTarget section */

/* Begin PBXProject section */
		DC056AFB1FA0F4EE00D34B30 /* Project object */ = {
			isa = PBXProject;
			attributes = {
				LastSwiftUpdateCheck = 0900;
				LastUpgradeCheck = 0900;
				ORGANIZATIONNAME = "Jennifer Diederich";
				TargetAttributes = {
					DC056B021FA0F4EE00D34B30 = {
						CreatedOnToolsVersion = 9.0.1;
						ProvisioningStyle = Automatic;
					};
				};
			};
			buildConfigurationList = DC056AFE1FA0F4EE00D34B30 /* Build configuration list for PBXProject "GroupSorter" */;
			compatibilityVersion = "Xcode 8.0";
			developmentRegion = en;
			hasScannedForEncodings = 0;
			knownRegions = (
				en,
				Base,
			);
			mainGroup = DC056AFA1FA0F4EE00D34B30;
			productRefGroup = DC056B041FA0F4EE00D34B30 /* Products */;
			projectDirPath = "";
			projectRoot = "";
			targets = (
				DC056B021FA0F4EE00D34B30 /* GroupSorter */,
			);
		};
/* End PBXProject section */

/* Begin PBXResourcesBuildPhase section */
		DC056B011FA0F4EE00D34B30 /* Resources */ = {
			isa = PBXResourcesBuildPhase;
			buildActionMask = 2147483647;
			files = (
				DC056B111FA0F4EE00D34B30 /* LaunchScreen.storyboard in Resources */,
				DC056B0E1FA0F4EE00D34B30 /* Assets.xcassets in Resources */,
				DC056B0C1FA0F4EE00D34B30 /* Main.storyboard in Resources */,
				DC0AABDC1FA76FF500696F0A /* roster.txt in Resources */,
			);
			runOnlyForDeploymentPostprocessing = 0;
		};
/* End PBXResourcesBuildPhase section */

/* Begin PBXSourcesBuildPhase section */
		DC056AFF1FA0F4EE00D34B30 /* Sources */ = {
			isa = PBXSourcesBuildPhase;
			buildActionMask = 2147483647;
			files = (
				DC056B091FA0F4EE00D34B30 /* ViewController.swift in Sources */,
				DC056B071FA0F4EE00D34B30 /* AppDelegate.swift in Sources */,
			);
			runOnlyForDeploymentPostprocessing = 0;
		};
/* End PBXSourcesBuildPhase section */

/* Begin PBXVariantGroup section */
		DC056B0A1FA0F4EE00D34B30 /* Main.storyboard */ = {
			isa = PBXVariantGroup;
			children = (
				DC056B0B1FA0F4EE00D34B30 /* Base */,
			);
			name = Main.storyboard;
			sourceTree = "<group>";
		};
		DC056B0F1FA0F4EE00D34B30 /* LaunchScreen.storyboard */ = {
			isa = PBXVariantGroup;
			children = (
				DC056B101FA0F4EE00D34B30 /* Base */,
			);
			name = LaunchScreen.storyboard;
			sourceTree = "<group>";
		};
/* End PBXVariantGroup section */

/* Begin XCBuildConfiguration section */
		DC056B131FA0F4EE00D34B30 /* Debug */ = {
			isa = XCBuildConfiguration;
			buildSettings = {
				ALWAYS_SEARCH_USER_PATHS = NO;
				CLANG_ANALYZER_NONNULL = YES;
				CLANG_ANALYZER_NUMBER_OBJECT_CONVERSION = YES_AGGRESSIVE;
				CLANG_CXX_LANGUAGE_STANDARD = "gnu++14";
				CLANG_CXX_LIBRARY = "libc++";
				CLANG_ENABLE_MODULES = YES;
				CLANG_ENABLE_OBJC_ARC = YES;
				CLANG_WARN_BLOCK_CAPTURE_AUTORELEASING = YES;
				CLANG_WARN_BOOL_CONVERSION = YES;
				CLANG_WARN_COMMA = YES;
				CLANG_WARN_CONSTANT_CONVERSION = YES;
				CLANG_WARN_DIRECT_OBJC_ISA_USAGE = YES_ERROR;
				CLANG_WARN_DOCUMENTATION_COMMENTS = YES;
				CLANG_WARN_EMPTY_BODY = YES;
				CLANG_WARN_ENUM_CONVERSION = YES;
				CLANG_WARN_INFINITE_RECURSION = YES;
				CLANG_WARN_INT_CONVERSION = YES;
				CLANG_WARN_NON_LITERAL_NULL_CONVERSION = YES;
				CLANG_WARN_OBJC_LITERAL_CONVERSION = YES;
				CLANG_WARN_OBJC_ROOT_CLASS = YES_ERROR;
				CLANG_WARN_RANGE_LOOP_ANALYSIS = YES;
				CLANG_WARN_STRICT_PROTOTYPES = YES;
				CLANG_WARN_SUSPICIOUS_MOVE = YES;
				CLANG_WARN_UNGUARDED_AVAILABILITY = YES_AGGRESSIVE;
				CLANG_WARN_UNREACHABLE_CODE = YES;
				CLANG_WARN__DUPLICATE_METHOD_MATCH = YES;
				CODE_SIGN_IDENTITY = "iPhone Developer";
				COPY_PHASE_STRIP = NO;
				DEBUG_INFORMATION_FORMAT = dwarf;
				ENABLE_STRICT_OBJC_MSGSEND = YES;
				ENABLE_TESTABILITY = YES;
				GCC_C_LANGUAGE_STANDARD = gnu11;
				GCC_DYNAMIC_NO_PIC = NO;
				GCC_NO_COMMON_BLOCKS = YES;
				GCC_OPTIMIZATION_LEVEL = 0;
				GCC_PREPROCESSOR_DEFINITIONS = (
					"DEBUG=1",
					"$(inherited)",
				);
				GCC_WARN_64_TO_32_BIT_CONVERSION = YES;
				GCC_WARN_ABOUT_RETURN_TYPE = YES_ERROR;
				GCC_WARN_UNDECLARED_SELECTOR = YES;
				GCC_WARN_UNINITIALIZED_AUTOS = YES_AGGRESSIVE;
				GCC_WARN_UNUSED_FUNCTION = YES;
				GCC_WARN_UNUSED_VARIABLE = YES;
				IPHONEOS_DEPLOYMENT_TARGET = 11.0;
				MTL_ENABLE_DEBUG_INFO = YES;
				ONLY_ACTIVE_ARCH = YES;
				SDKROOT = iphoneos;
				SWIFT_ACTIVE_COMPILATION_CONDITIONS = DEBUG;
				SWIFT_OPTIMIZATION_LEVEL = "-Onone";
			};
			name = Debug;
		};
		DC056B141FA0F4EE00D34B30 /* Release */ = {
			isa = XCBuildConfiguration;
			buildSettings = {
				ALWAYS_SEARCH_USER_PATHS = NO;
				CLANG_ANALYZER_NONNULL = YES;
				CLANG_ANALYZER_NUMBER_OBJECT_CONVERSION = YES_AGGRESSIVE;
				CLANG_CXX_LANGUAGE_STANDARD = "gnu++14";
				CLANG_CXX_LIBRARY = "libc++";
				CLANG_ENABLE_MODULES = YES;
				CLANG_ENABLE_OBJC_ARC = YES;
				CLANG_WARN_BLOCK_CAPTURE_AUTORELEASING = YES;
				CLANG_WARN_BOOL_CONVERSION = YES;
				CLANG_WARN_COMMA = YES;
				CLANG_WARN_CONSTANT_CONVERSION = YES;
				CLANG_WARN_DIRECT_OBJC_ISA_USAGE = YES_ERROR;
				CLANG_WARN_DOCUMENTATION_COMMENTS = YES;
				CLANG_WARN_EMPTY_BODY = YES;
				CLANG_WARN_ENUM_CONVERSION = YES;
				CLANG_WARN_INFINITE_RECURSION = YES;
				CLANG_WARN_INT_CONVERSION = YES;
				CLANG_WARN_NON_LITERAL_NULL_CONVERSION = YES;
				CLANG_WARN_OBJC_LITERAL_CONVERSION = YES;
				CLANG_WARN_OBJC_ROOT_CLASS = YES_ERROR;
				CLANG_WARN_RANGE_LOOP_ANALYSIS = YES;
				CLANG_WARN_STRICT_PROTOTYPES = YES;
				CLANG_WARN_SUSPICIOUS_MOVE = YES;
				CLANG_WARN_UNGUARDED_AVAILABILITY = YES_AGGRESSIVE;
				CLANG_WARN_UNREACHABLE_CODE = YES;
				CLANG_WARN__DUPLICATE_METHOD_MATCH = YES;
				CODE_SIGN_IDENTITY = "iPhone Developer";
				COPY_PHASE_STRIP = NO;
				DEBUG_INFORMATION_FORMAT = "dwarf-with-dsym";
				ENABLE_NS_ASSERTIONS = NO;
				ENABLE_STRICT_OBJC_MSGSEND = YES;
				GCC_C_LANGUAGE_STANDARD = gnu11;
				GCC_NO_COMMON_BLOCKS = YES;
				GCC_WARN_64_TO_32_BIT_CONVERSION = YES;
				GCC_WARN_ABOUT_RETURN_TYPE = YES_ERROR;
				GCC_WARN_UNDECLARED_SELECTOR = YES;
				GCC_WARN_UNINITIALIZED_AUTOS = YES_AGGRESSIVE;
				GCC_WARN_UNUSED_FUNCTION = YES;
				GCC_WARN_UNUSED_VARIABLE = YES;
				IPHONEOS_DEPLOYMENT_TARGET = 11.0;
				MTL_ENABLE_DEBUG_INFO = NO;
				SDKROOT = iphoneos;
				SWIFT_OPTIMIZATION_LEVEL = "-Owholemodule";
				VALIDATE_PRODUCT = YES;
			};
			name = Release;
		};
		DC056B161FA0F4EE00D34B30 /* Debug */ = {
			isa = XCBuildConfiguration;
			buildSettings = {
				ASSETCATALOG_COMPILER_APPICON_NAME = AppIcon;
				"CODE_SIGN_IDENTITY[sdk=iphoneos*]" = "iPhone Developer";
				CODE_SIGN_STYLE = Automatic;
				DEVELOPMENT_TEAM = "";
				INFOPLIST_FILE = GroupSorter/Info.plist;
				LD_RUNPATH_SEARCH_PATHS = "$(inherited) @executable_path/Frameworks";
				PRODUCT_BUNDLE_IDENTIFIER = cvtc.edu.GroupSorter;
				PRODUCT_NAME = "$(TARGET_NAME)";
				PROVISIONING_PROFILE_SPECIFIER = "";
				SWIFT_VERSION = 4.0;
				TARGETED_DEVICE_FAMILY = "1,2";
			};
			name = Debug;
		};
		DC056B171FA0F4EE00D34B30 /* Release */ = {
			isa = XCBuildConfiguration;
			buildSettings = {
				ASSETCATALOG_COMPILER_APPICON_NAME = AppIcon;
				"CODE_SIGN_IDENTITY[sdk=iphoneos*]" = "iPhone Developer";
				CODE_SIGN_STYLE = Automatic;
				DEVELOPMENT_TEAM = "";
				INFOPLIST_FILE = GroupSorter/Info.plist;
				LD_RUNPATH_SEARCH_PATHS = "$(inherited) @executable_path/Frameworks";
				PRODUCT_BUNDLE_IDENTIFIER = cvtc.edu.GroupSorter;
				PRODUCT_NAME = "$(TARGET_NAME)";
				PROVISIONING_PROFILE_SPECIFIER = "";
				SWIFT_VERSION = 4.0;
				TARGETED_DEVICE_FAMILY = "1,2";
			};
			name = Release;
		};
/* End XCBuildConfiguration section */

/* Begin XCConfigurationList section */
		DC056AFE1FA0F4EE00D34B30 /* Build configuration list for PBXProject "GroupSorter" */ = {
			isa = XCConfigurationList;
			buildConfigurations = (
				DC056B131FA0F4EE00D34B30 /* Debug */,
				DC056B141FA0F4EE00D34B30 /* Release */,
			);
			defaultConfigurationIsVisible = 0;
			defaultConfigurationName = Release;
		};
		DC056B151FA0F4EE00D34B30 /* Build configuration list for PBXNativeTarget "GroupSorter" */ = {
			isa = XCConfigurationList;
			buildConfigurations = (
				DC056B161FA0F4EE00D34B30 /* Debug */,
				DC056B171FA0F4EE00D34B30 /* Release */,
			);
			defaultConfigurationIsVisible = 0;
			defaultConfigurationName = Release;
		};
/* End XCConfigurationList section */
	};
	rootObject = DC056AFB1FA0F4EE00D34B30 /* Project object */;
}
